
Microsoft Visual Studio Solution File, Format Version 12.00
# Visual Studio 14
VisualStudioVersion = 14.0.24720.0
MinimumVisualStudioVersion = 10.0.40219.1
Project("{159641D6-6404-4A2A-AE62-294DE0FE8301}") = "ETL_ostatecznie", "ETL_ostatecznie\ETL_ostatecznie.dtproj", "{1A9EA8E4-AE4D-4455-ACA4-7A17D599CCF7}"
EndProject
Global
	GlobalSection(SolutionConfigurationPlatforms) = preSolution
		Development|Default = Development|Default
	EndGlobalSection
	GlobalSection(ProjectConfigurationPlatforms) = postSolution
		{1A9EA8E4-AE4D-4455-ACA4-7A17D599CCF7}.Development|Default.ActiveCfg = Development
		{1A9EA8E4-AE4D-4455-ACA4-7A17D599CCF7}.Development|Default.Build.0 = Development
	EndGlobalSection
	GlobalSection(SolutionProperties) = preSolution
		HideSolutionNode = FALSE
	EndGlobalSection
EndGlobal
